Microsoft Visual Studio Solution File, Format Version 12.00
# Visual Studio 2013
Project("{8BC9CEB8-8B4A-11D0-8D11-00A0C91BC942}") = "ALL_BUILD", "ALL_BUILD.vcxproj", "{5E5C8628-009B-40CD-ABAF-63E58D7FA488}"
	ProjectSection(ProjectDependencies) = postProject
		{3E9C6610-BDC3-4AF0-BD24-85E19BFE1F07} = {3E9C6610-BDC3-4AF0-BD24-85E19BFE1F07}
	EndProjectSection
EndProject
Project("{8BC9CEB8-8B4A-11D0-8D11-00A0C91BC942}") = "RUN_TESTS", "RUN_TESTS.vcxproj", "{4FC5FBF5-ACC6-4A23-A09D-BEC68A6951E5}"
	ProjectSection(ProjectDependencies) = postProject
	EndProjectSection
EndProject
Project("{8BC9CEB8-8B4A-11D0-8D11-00A0C91BC942}") = "ZERO_CHECK", "..\\ZERO_CHECK.vcxproj", "{354E7C3B-230B-4C7B-8E2D-0480633DFC2C}"
	ProjectSection(ProjectDependencies) = postProject
	EndProjectSection
EndProject
Project("{8BC9CEB8-8B4A-11D0-8D11-00A0C91BC942}") = "common", "common.vcxproj", "{3E9C6610-BDC3-4AF0-BD24-85E19BFE1F07}"
	ProjectSection(ProjectDependencies) = postProject
		{354E7C3B-230B-4C7B-8E2D-0480633DFC2C} = {354E7C3B-230B-4C7B-8E2D-0480633DFC2C}
	EndProjectSection
EndProject
Global
	GlobalSection(SolutionConfigurationPlatforms) = preSolution
		Debug|Win32 = Debug|Win32
		Release|Win32 = Release|Win32
		MinSizeRel|Win32 = MinSizeRel|Win32
		RelWithDebInfo|Win32 = RelWithDebInfo|Win32
	EndGlobalSection
	GlobalSection(ProjectConfigurationPlatforms) = postSolution
		{5E5C8628-009B-40CD-ABAF-63E58D7FA488}.Debug|Win32.ActiveCfg = Debug|Win32
		{5E5C8628-009B-40CD-ABAF-63E58D7FA488}.Release|Win32.ActiveCfg = Release|Win32
		{5E5C8628-009B-40CD-ABAF-63E58D7FA488}.MinSizeRel|Win32.ActiveCfg = MinSizeRel|Win32
		{5E5C8628-009B-40CD-ABAF-63E58D7FA488}.RelWithDebInfo|Win32.ActiveCfg = RelWithDebInfo|Win32
		{4FC5FBF5-ACC6-4A23-A09D-BEC68A6951E5}.Debug|Win32.ActiveCfg = Debug|Win32
		{4FC5FBF5-ACC6-4A23-A09D-BEC68A6951E5}.Release|Win32.ActiveCfg = Release|Win32
		{4FC5FBF5-ACC6-4A23-A09D-BEC68A6951E5}.MinSizeRel|Win32.ActiveCfg = MinSizeRel|Win32
		{4FC5FBF5-ACC6-4A23-A09D-BEC68A6951E5}.RelWithDebInfo|Win32.ActiveCfg = RelWithDebInfo|Win32
		{354E7C3B-230B-4C7B-8E2D-0480633DFC2C}.Debug|Win32.ActiveCfg = Debug|Win32
		{354E7C3B-230B-4C7B-8E2D-0480633DFC2C}.Debug|Win32.Build.0 = Debug|Win32
		{354E7C3B-230B-4C7B-8E2D-0480633DFC2C}.Release|Win32.ActiveCfg = Release|Win32
		{354E7C3B-230B-4C7B-8E2D-0480633DFC2C}.Release|Win32.Build.0 = Release|Win32
		{354E7C3B-230B-4C7B-8E2D-0480633DFC2C}.MinSizeRel|Win32.ActiveCfg = MinSizeRel|Win32
		{354E7C3B-230B-4C7B-8E2D-0480633DFC2C}.MinSizeRel|Win32.Build.0 = MinSizeRel|Win32
		{354E7C3B-230B-4C7B-8E2D-0480633DFC2C}.RelWithDebInfo|Win32.ActiveCfg = RelWithDebInfo|Win32
		{354E7C3B-230B-4C7B-8E2D-0480633DFC2C}.RelWithDebInfo|Win32.Build.0 = RelWithDebInfo|Win32
		{3E9C6610-BDC3-4AF0-BD24-85E19BFE1F07}.Debug|Win32.ActiveCfg = Debug|Win32
		{3E9C6610-BDC3-4AF0-BD24-85E19BFE1F07}.Debug|Win32.Build.0 = Debug|Win32
		{3E9C6610-BDC3-4AF0-BD24-85E19BFE1F07}.Release|Win32.ActiveCfg = Release|Win32
		{3E9C6610-BDC3-4AF0-BD24-85E19BFE1F07}.Release|Win32.Build.0 = Release|Win32
		{3E9C6610-BDC3-4AF0-BD24-85E19BFE1F07}.MinSizeRel|Win32.ActiveCfg = MinSizeRel|Win32
		{3E9C6610-BDC3-4AF0-BD24-85E19BFE1F07}.MinSizeRel|Win32.Build.0 = MinSizeRel|Win32
		{3E9C6610-BDC3-4AF0-BD24-85E19BFE1F07}.RelWithDebInfo|Win32.ActiveCfg = RelWithDebInfo|Win32
		{3E9C6610-BDC3-4AF0-BD24-85E19BFE1F07}.RelWithDebInfo|Win32.Build.0 = RelWithDebInfo|Win32
	EndGlobalSection
	GlobalSection(ExtensibilityGlobals) = postSolution
	EndGlobalSection
	GlobalSection(ExtensibilityAddIns) = postSolution
	EndGlobalSection
EndGlobal
