<?xml version="1.0" encoding="UTF-8"?>
<Project ToolsVersion="12.0" xmlns="http://schemas.microsoft.com/developer/msbuild/2003">
  <ItemGroup>
    <ClCompile Include="D:\work\git\ifz\gem\common\src\BitConverter.cpp">
      <Filter>Source Files</Filter>
    </ClCompile>
    <ClCompile Include="D:\work\git\ifz\gem\common\src\Connection.cpp">
      <Filter>Source Files</Filter>
    </ClCompile>
    <ClCompile Include="D:\work\git\ifz\gem\common\src\DatabaseHelper.cpp">
      <Filter>Source Files</Filter>
    </ClCompile>
    <ClCompile Include="D:\work\git\ifz\gem\common\src\DataBatchInserter.cpp">
      <Filter>Source Files</Filter>
    </ClCompile>
    <ClCompile Include="D:\work\git\ifz\gem\common\src\File.cpp">
      <Filter>Source Files</Filter>
    </ClCompile>
    <ClCompile Include="D:\work\git\ifz\gem\common\src\IniSettings.cpp">
      <Filter>Source Files</Filter>
    </ClCompile>
    <ClCompile Include="D:\work\git\ifz\gem\common\src\Logger.cpp">
      <Filter>Source Files</Filter>
    </ClCompile>
    <ClCompile Include="D:\work\git\ifz\gem\common\src\Path.cpp">
      <Filter>Source Files</Filter>
    </ClCompile>
  </ItemGroup>
  <ItemGroup>
    <ClInclude Include="D:\work\git\ifz\gem\common\Common\BitConverter.h">
      <Filter>Header Files</Filter>
    </ClInclude>
    <ClInclude Include="D:\work\git\ifz\gem\common\Common\Common.h">
      <Filter>Header Files</Filter>
    </ClInclude>
    <ClInclude Include="D:\work\git\ifz\gem\common\Common\Connection.h">
      <Filter>Header Files</Filter>
    </ClInclude>
    <ClInclude Include="D:\work\git\ifz\gem\common\Common\DatabaseException.h">
      <Filter>Header Files</Filter>
    </ClInclude>
    <ClInclude Include="D:\work\git\ifz\gem\common\Common\DatabaseHelper.h">
      <Filter>Header Files</Filter>
    </ClInclude>
    <ClInclude Include="D:\work\git\ifz\gem\common\Common\DataBatchInserter.h">
      <Filter>Header Files</Filter>
    </ClInclude>
    <ClInclude Include="D:\work\git\ifz\gem\common\Common\DataConsistencyException.h">
      <Filter>Header Files</Filter>
    </ClInclude>
    <ClInclude Include="D:\work\git\ifz\gem\common\Common\DataInserter.h">
      <Filter>Header Files</Filter>
    </ClInclude>
    <ClInclude Include="D:\work\git\ifz\gem\common\Common\Exception.h">
      <Filter>Header Files</Filter>
    </ClInclude>
    <ClInclude Include="D:\work\git\ifz\gem\common\Common\File.h">
      <Filter>Header Files</Filter>
    </ClInclude>
    <ClInclude Include="D:\work\git\ifz\gem\common\Common\FileException.h">
      <Filter>Header Files</Filter>
    </ClInclude>
    <ClInclude Include="D:\work\git\ifz\gem\common\Common\IniSettings.h">
      <Filter>Header Files</Filter>
    </ClInclude>
    <ClInclude Include="D:\work\git\ifz\gem\common\Common\InvalidOperationException.h">
      <Filter>Header Files</Filter>
    </ClInclude>
    <ClInclude Include="D:\work\git\ifz\gem\common\Common\Logger.h">
      <Filter>Header Files</Filter>
    </ClInclude>
    <ClInclude Include="D:\work\git\ifz\gem\common\Common\Macro.h">
      <Filter>Header Files</Filter>
    </ClInclude>
    <ClInclude Include="D:\work\git\ifz\gem\common\Common\NotImplementedException.h">
      <Filter>Header Files</Filter>
    </ClInclude>
    <ClInclude Include="D:\work\git\ifz\gem\common\Common\NotSupportedException.h">
      <Filter>Header Files</Filter>
    </ClInclude>
    <ClInclude Include="D:\work\git\ifz\gem\common\Common\Path.h">
      <Filter>Header Files</Filter>
    </ClInclude>
    <ClInclude Include="D:\work\git\ifz\gem\common\Common\ProjectBase.h">
      <Filter>Header Files</Filter>
    </ClInclude>
    <ClInclude Include="D:\work\git\ifz\gem\common\Common\Singleton.h">
      <Filter>Header Files</Filter>
    </ClInclude>
    <ClInclude Include="D:\work\git\ifz\gem\common\Common\SmartPtr.h">
      <Filter>Header Files</Filter>
    </ClInclude>
  </ItemGroup>
  <ItemGroup>
    <CustomBuild Include="D:\work\git\ifz\gem\common\CMakeLists.txt" />
  </ItemGroup>
  <ItemGroup>
    <Filter Include="Source Files">
      <UniqueIdentifier>{5F35D80D-0074-4E76-990A-241DDA524062}</UniqueIdentifier>
    </Filter>
    <Filter Include="Header Files">
      <UniqueIdentifier>{DF1A231C-DED7-408B-8C01-50E6F2E51707}</UniqueIdentifier>
    </Filter>
  </ItemGroup>
</Project>
